{
  "name": "www.appveyor.com",
  "version": "1.0.0",
  "lockfileVersion": 1,
  "requires": true,
  "dependencies": {
    "@types/minimatch": {
      "version": "3.0.3",
      "resolved": "https://registry.npmjs.org/@types/minimatch/-/minimatch-3.0.3.tgz",
      "integrity": "sha512-tHq6qdbT9U1IRSGf14CL0pUlULksvY9OZ+5eEgl1N7t+OA3tGvNpxJCzuKQlsNgCVwbAs670L1vcVQi8j9HjnA=="
    },
    "grunt": {
      "version": "1.0.1",
      "resolved": "https://registry.npmjs.org/grunt/-/grunt-1.0.1.tgz",
      "integrity": "sha1-6HeHZOlEsY8yuw8QuQeEdcnftWs=",
      "dependencies": {
        "grunt-cli": {
          "version": "1.2.0",
          "resolved": "https://registry.npmjs.org/grunt-cli/-/grunt-cli-1.2.0.tgz",
          "integrity": "sha1-VisRnrsGndtGSs4oRVAb6Xs1tqg="
        }
      }
    },
    "grunt-autoprefixer": {
      "version": "3.0.4",
      "resolved": "https://registry.npmjs.org/grunt-autoprefixer/-/grunt-autoprefixer-3.0.4.tgz",
      "integrity": "sha1-/kLiR7z6ucKSoSwGLa1PNb3pAsU=",
      "dependencies": {
        "ansi-regex": {
          "version": "1.1.1",
          "resolved": "https://registry.npmjs.org/ansi-regex/-/ansi-regex-1.1.1.tgz",
          "integrity": "sha1-QchHGUZGN15qGl0Qw8oFTvn8mA0="
        },
        "chalk": {
          "version": "1.0.0",
          "resolved": "https://registry.npmjs.org/chalk/-/chalk-1.0.0.tgz",
          "integrity": "sha1-s89O0P9Tl8mcdbj2edsvUoMfltw="
        },
        "has-ansi": {
          "version": "1.0.3",
          "resolved": "https://registry.npmjs.org/has-ansi/-/has-ansi-1.0.3.tgz",
          "integrity": "sha1-wLWxYV2eOCsP9nFp2We0JeSMpTg="
        },
        "strip-ansi": {
          "version": "2.0.1",
          "resolved": "https://registry.npmjs.org/strip-ansi/-/strip-ansi-2.0.1.tgz",
          "integrity": "sha1-32LBqpTtLxFOHQ8h/R1QSCt5pg4="
        },
        "supports-color": {
          "version": "1.3.1",
          "resolved": "https://registry.npmjs.org/supports-color/-/supports-color-1.3.1.tgz",
          "integrity": "sha1-FXWN8J2P87SswwdTn6vicJXhBC0="
        }
      }
    },
    "grunt-contrib-clean": {
      "version": "1.1.0",
      "resolved": "https://registry.npmjs.org/grunt-contrib-clean/-/grunt-contrib-clean-1.1.0.tgz",
      "integrity": "sha1-Vkq/LQN4qYOhW54/MO51tzjEBjg=",
      "dependencies": {
        "rimraf": {
          "version": "2.6.1",
          "resolved": "https://registry.npmjs.org/rimraf/-/rimraf-2.6.1.tgz",
          "integrity": "sha1-wjOOxkPfeht/5cVPqG9XQopV8z0="
        }
      }
    },
    "grunt-contrib-concat": {
      "version": "1.0.1",
      "resolved": "https://registry.npmjs.org/grunt-contrib-concat/-/grunt-contrib-concat-1.0.1.tgz",
      "integrity": "sha1-YVCYYwhOhx1+ht5IwBUlntl3Rb0=",
      "dependencies": {
        "source-map": {
          "version": "0.5.6",
          "resolved": "https://registry.npmjs.org/source-map/-/source-map-0.5.6.tgz",
          "integrity": "sha1-dc449SvwczxafwwRjYEzSiu19BI="
        }
      }
    },
    "grunt-contrib-connect": {
      "version": "1.0.2",
      "resolved": "https://registry.npmjs.org/grunt-contrib-connect/-/grunt-contrib-connect-1.0.2.tgz",
      "integrity": "sha1-XPkzuRpnOGBEJzwLJERgPNmIebo="
    },
    "grunt-contrib-csslint": {
      "version": "2.0.0",
      "resolved": "https://registry.npmjs.org/grunt-contrib-csslint/-/grunt-contrib-csslint-2.0.0.tgz",
      "integrity": "sha1-MSnZTf5Qc1fyMzfSSunpqkudV98=",
      "dependencies": {
        "lodash": {
          "version": "4.17.4",
          "resolved": "https://registry.npmjs.org/lodash/-/lodash-4.17.4.tgz",
          "integrity": "sha1-eCA6TRwyiuHYbcpkYONptX9AVa4="
        }
      }
    },
    "grunt-contrib-cssmin": {
      "version": "2.2.0",
      "resolved": "https://registry.npmjs.org/grunt-contrib-cssmin/-/grunt-contrib-cssmin-2.2.0.tgz",
      "integrity": "sha1-ct70BijujiE62adoBNEx22ZgSkE="
    },
    "grunt-contrib-htmlmin": {
      "version": "2.4.0",
      "resolved": "https://registry.npmjs.org/grunt-contrib-htmlmin/-/grunt-contrib-htmlmin-2.4.0.tgz",
      "integrity": "sha1-afSYGRmeKsiRUrv4r6XtMhykj5k=",
      "dependencies": {
        "pretty-bytes": {
          "version": "4.0.2",
          "resolved": "https://registry.npmjs.org/pretty-bytes/-/pretty-bytes-4.0.2.tgz",
          "integrity": "sha1-sr+C5zUNZcbDOqlaqlpPYyf2HNk="
        }
      }
    },
    "grunt-contrib-uglify": {
      "version": "3.0.1",
      "resolved": "https://registry.npmjs.org/grunt-contrib-uglify/-/grunt-contrib-uglify-3.0.1.tgz",
      "integrity": "sha1-/etfk4pMgEL46Grkb2NVTo6VEcs=",
      "dependencies": {
        "gzip-size": {
          "version": "1.0.0",
          "resolved": "https://registry.npmjs.org/gzip-size/-/gzip-size-1.0.0.tgz",
          "integrity": "sha1-Zs+LEBBHInuVus5uodoMF37Vwi8="
        },
        "maxmin": {
          "version": "1.1.0",
          "resolved": "https://registry.npmjs.org/maxmin/-/maxmin-1.1.0.tgz",
          "integrity": "sha1-cTZehKmd2Piz99X94vANHn9zvmE="
        },
        "pretty-bytes": {
          "version": "1.0.4",
          "resolved": "https://registry.npmjs.org/pretty-bytes/-/pretty-bytes-1.0.4.tgz",
          "integrity": "sha1-CiLoIQYJrTVUL4yNXSFZr/B1HIQ="
        }
      }
    },
    "grunt-contrib-watch": {
      "version": "1.0.0",
      "resolved": "https://registry.npmjs.org/grunt-contrib-watch/-/grunt-contrib-watch-1.0.0.tgz",
      "integrity": "sha1-hKGnodar0m7VaEE0lscxM+mQAY8="
    },
    "grunt-eslint": {
      "version": "20.0.0",
      "resolved": "https://registry.npmjs.org/grunt-eslint/-/grunt-eslint-20.0.0.tgz",
      "integrity": "sha512-jQ2GBIYUkfVict7WcSBH7mAukTJ7Cz5TwJUCQ8XxzVTTyAcxC+1MGM3rdEuQbtsLUNKqy9xr0ai/l14WkxVtkw=="
    },
    "grunt-filerev": {
      "version": "2.3.1",
      "resolved": "https://registry.npmjs.org/grunt-filerev/-/grunt-filerev-2.3.1.tgz",
      "integrity": "sha1-KZAhDwtantxecZiYf9HAKcbV9N8="
    },
    "grunt-html": {
      "version": "8.4.0",
      "resolved": "https://registry.npmjs.org/grunt-html/-/grunt-html-8.4.0.tgz",
      "integrity": "sha1-3JbUXVZVqx5NG612pEE3Q7WaeDg=",
      "dependencies": {
        "async": {
          "version": "2.2.0",
          "resolved": "https://registry.npmjs.org/async/-/async-2.2.0.tgz",
          "integrity": "sha1-wyTroBCiN+T71VoS3uhjZ9XA7zI="
        },
        "lodash": {
          "version": "4.17.4",
          "resolved": "https://registry.npmjs.org/lodash/-/lodash-4.17.4.tgz",
          "integrity": "sha1-eCA6TRwyiuHYbcpkYONptX9AVa4="
        }
      }
    },
    "grunt-jekyll": {
      "version": "0.4.6",
      "resolved": "https://registry.npmjs.org/grunt-jekyll/-/grunt-jekyll-0.4.6.tgz",
      "integrity": "sha1-U7ut6Grp0UEkUhjgs6tMM0DNIGc="
    },
    "grunt-link-checker": {
      "version": "0.2.0",
      "resolved": "https://registry.npmjs.org/grunt-link-checker/-/grunt-link-checker-0.2.0.tgz",
      "integrity": "sha1-en04DTRaG+Z1vuW5/TQ9seYiY6s="
    },
    "grunt-markdownlint": {
      "version": "1.0.39",
      "resolved": "https://registry.npmjs.org/grunt-markdownlint/-/grunt-markdownlint-1.0.39.tgz",
      "integrity": "sha1-w7WqM7TFkZFq6IJf42l4fAuCigk="
    },
    "grunt-uncss": {
      "version": "0.6.1",
      "resolved": "https://registry.npmjs.org/grunt-uncss/-/grunt-uncss-0.6.1.tgz",
      "integrity": "sha1-2T8bT8P1ndac7GAxYBmWOw1IQe0=",
      "dependencies": {
        "async": {
          "version": "2.4.1",
          "resolved": "https://registry.npmjs.org/async/-/async-2.4.1.tgz",
          "integrity": "sha1-YqVrJ5yYoR0JhwlqAcw+6463u9c="
        },
        "lodash": {
          "version": "4.17.4",
          "resolved": "https://registry.npmjs.org/lodash/-/lodash-4.17.4.tgz",
          "integrity": "sha1-eCA6TRwyiuHYbcpkYONptX9AVa4="
        }
      }
    },
    "grunt-usemin": {
      "version": "3.1.1",
      "resolved": "https://registry.npmjs.org/grunt-usemin/-/grunt-usemin-3.1.1.tgz",
      "integrity": "sha1-WrZ5UQ1nLOpWbMcXq+i4oAn2QcI=",
      "dependencies": {
        "path-exists": {
          "version": "1.0.0",
          "resolved": "https://registry.npmjs.org/path-exists/-/path-exists-1.0.0.tgz",
          "integrity": "sha1-1aiZjrce83p0w06w2eum6HjuoIE="
        }
      }
    },
    "load-grunt-tasks": {
      "version": "5.1.0",
      "resolved": "https://registry.npmjs.org/load-grunt-tasks/-/load-grunt-tasks-5.1.0.tgz",
      "integrity": "sha512-oNj0Jlka1TsfDe+9He0kcA1cRln+TMoTsEByW7ij6kyktNLxBKJtslCFEvFrLC2Dj0S19IWJh3fOCIjLby2Xrg==",
      "requires": {
        "arrify": "^2.0.1",
        "multimatch": "^4.0.0",
        "pkg-up": "^3.1.0",
        "resolve-pkg": "^2.0.0"
      },
      "dependencies": {
        "array-differ": {
          "version": "3.0.0",
          "resolved": "https://registry.npmjs.org/array-differ/-/array-differ-3.0.0.tgz",
          "integrity": "sha512-THtfYS6KtME/yIAhKjZ2ul7XI96lQGHRputJQHO80LAWQnuGP4iCIN8vdMRboGbIEYBwU33q8Tch1os2+X0kMg=="
        },
        "array-union": {
          "version": "2.1.0",
          "resolved": "https://registry.npmjs.org/array-union/-/array-union-2.1.0.tgz",
          "integrity": "sha512-HGyxoOTYUyCM6stUe6EJgnd4EoewAI7zMdfqO+kGjnlZmBDz/cR5pf8r/cR4Wq60sL/p0IkcjUEEPwS3GFrIyw=="
        },
        "arrify": {
          "version": "2.0.1",
          "resolved": "https://registry.npmjs.org/arrify/-/arrify-2.0.1.tgz",
          "integrity": "sha512-3duEwti880xqi4eAMN8AyR4a0ByT90zoYdLlevfrvU43vb0YZwZVfxOgxWrLXXXpyugL0hNZc9G6BiB5B3nUug=="
        },
        "find-up": {
          "version": "3.0.0",
          "resolved": "https://registry.npmjs.org/find-up/-/find-up-3.0.0.tgz",
          "integrity": "sha512-1yD6RmLI1XBfxugvORwlck6f75tYL+iR0jqwsOrOxMZyGYqUuDhJ0l4AXdO1iX/FTs9cBAMEk1gWSEx1kSbylg==",
          "requires": {
            "locate-path": "^3.0.0"
          }
        },
        "multimatch": {
          "version": "4.0.0",
          "resolved": "https://registry.npmjs.org/multimatch/-/multimatch-4.0.0.tgz",
          "integrity": "sha512-lDmx79y1z6i7RNx0ZGCPq1bzJ6ZoDDKbvh7jxr9SJcWLkShMzXrHbYVpTdnhNM5MXpDUxCQ4DgqVttVXlBgiBQ==",
          "requires": {
            "@types/minimatch": "^3.0.3",
            "array-differ": "^3.0.0",
            "array-union": "^2.1.0",
            "arrify": "^2.0.1",
            "minimatch": "^3.0.4"
          }
        },
        "pkg-up": {
          "version": "3.1.0",
          "resolved": "https://registry.npmjs.org/pkg-up/-/pkg-up-3.1.0.tgz",
          "integrity": "sha512-nDywThFk1i4BQK4twPQ6TA4RT8bDY96yeuCVBWL3ePARCiEKDRSrNGbFIgUJpLp+XeIR65v8ra7WuJOFUBtkMA==",
          "requires": {
            "find-up": "^3.0.0"
          }
        },
        "resolve-from": {
          "version": "5.0.0",
          "resolved": "https://registry.npmjs.org/resolve-from/-/resolve-from-5.0.0.tgz",
          "integrity": "sha512-qYg9KP24dD5qka9J47d0aVky0N+b4fTU89LN9iDnjB5waksiC49rvMB0PrUJQGoTmH50XPiqOvAjDfaijGxYZw=="
        },
        "resolve-pkg": {
          "version": "2.0.0",
          "resolved": "https://registry.npmjs.org/resolve-pkg/-/resolve-pkg-2.0.0.tgz",
          "integrity": "sha512-+1lzwXehGCXSeryaISr6WujZzowloigEofRB+dj75y9RRa/obVcYgbHJd53tdYw8pvZj8GojXaaENws8Ktw/hQ==",
          "requires": {
            "resolve-from": "^5.0.0"
          }
        }
      }
    },
    "locate-path": {
      "version": "3.0.0",
      "resolved": "https://registry.npmjs.org/locate-path/-/locate-path-3.0.0.tgz",
      "integrity": "sha512-7AO748wWnIhNqAuaty2ZWHkQHRSNfPVIsPIfwEOWO22AmaoVrWavlOcMR5nzTLNYvp36X220/maaRsrec1G65A==",
      "requires": {
        "p-locate": "^3.0.0",
        "path-exists": "^3.0.0"
      },
      "dependencies": {
        "path-exists": {
          "version": "3.0.0",
          "resolved": "https://registry.npmjs.org/path-exists/-/path-exists-3.0.0.tgz",
          "integrity": "sha1-zg6+ql94yxiSXqfYENe1mwEP1RU="
        }
      }
    },
    "minimatch": {
      "version": "3.0.4",
      "resolved": "https://registry.npmjs.org/minimatch/-/minimatch-3.0.4.tgz",
      "integrity": "sha512-yJHVQEhyqPLUTgt9B83PXu6W3rx4MvvHvSUvToogpwoGDOUQ+yDrR0HRot+yOCdCO7u4hX3pWft6kWBBcqh0UA=="
    },
    "p-limit": {
      "version": "2.2.0",
      "resolved": "https://registry.npmjs.org/p-limit/-/p-limit-2.2.0.tgz",
      "integrity": "sha512-pZbTJpoUsCzV48Mc9Nh51VbwO0X9cuPFE8gYwx9BTCt9SF8/b7Zljd2fVgOxhIF/HDTKgpVzs+GPhyKfjLLFRQ==",
      "requires": {
        "p-try": "^2.0.0"
      }
    },
    "p-locate": {
      "version": "3.0.0",
      "resolved": "https://registry.npmjs.org/p-locate/-/p-locate-3.0.0.tgz",
      "integrity": "sha512-x+12w/To+4GFfgJhBEpiDcLozRJGegY+Ei7/z0tSLkMmxGZNybVMSfWj9aJn8Z5Fc7dBUNJOOVgPv2H7IwulSQ==",
      "requires": {
        "p-limit": "^2.0.0"
      }
    },
    "p-try": {
      "version": "2.2.0",
      "resolved": "https://registry.npmjs.org/p-try/-/p-try-2.2.0.tgz",
      "integrity": "sha512-R4nPAVTAU0B9D35/Gk3uJf/7XYbQcyohSKdvAxIRSNghFl4e71hVoGnBNQz9cWaXxO2I10KTC+3jMdvvoKw6dQ=="
    },
    "time-grunt": {
      "version": "1.4.0",
      "resolved": "https://registry.npmjs.org/time-grunt/-/time-grunt-1.4.0.tgz",
      "integrity": "sha1-BiIT5mDJB+hvRAVWwB6mWXtxJCA="
    }
  }
}
