{
  "name": "www.appveyor.com",
  "version": "1.0.0",
  "lockfileVersion": 1,
  "requires": true,
  "dependencies": {
    "argparse": {
      "version": "1.0.9",
      "resolved": "https://registry.npmjs.org/argparse/-/argparse-1.0.9.tgz",
      "integrity": "sha1-c9g7wmP4bpf4zE9rrhsOkKfSLIY="
    },
    "grunt": {
      "version": "1.0.1",
      "resolved": "https://registry.npmjs.org/grunt/-/grunt-1.0.1.tgz",
      "integrity": "sha1-6HeHZOlEsY8yuw8QuQeEdcnftWs=",
      "dependencies": {
        "grunt-cli": {
          "version": "1.2.0",
          "resolved": "https://registry.npmjs.org/grunt-cli/-/grunt-cli-1.2.0.tgz",
          "integrity": "sha1-VisRnrsGndtGSs4oRVAb6Xs1tqg="
        }
      }
    },
    "grunt-autoprefixer": {
      "version": "3.0.4",
      "resolved": "https://registry.npmjs.org/grunt-autoprefixer/-/grunt-autoprefixer-3.0.4.tgz",
      "integrity": "sha1-/kLiR7z6ucKSoSwGLa1PNb3pAsU=",
      "dependencies": {
        "ansi-regex": {
          "version": "1.1.1",
          "resolved": "https://registry.npmjs.org/ansi-regex/-/ansi-regex-1.1.1.tgz",
          "integrity": "sha1-QchHGUZGN15qGl0Qw8oFTvn8mA0="
        },
        "chalk": {
          "version": "1.0.0",
          "resolved": "https://registry.npmjs.org/chalk/-/chalk-1.0.0.tgz",
          "integrity": "sha1-s89O0P9Tl8mcdbj2edsvUoMfltw="
        },
        "has-ansi": {
          "version": "1.0.3",
          "resolved": "https://registry.npmjs.org/has-ansi/-/has-ansi-1.0.3.tgz",
          "integrity": "sha1-wLWxYV2eOCsP9nFp2We0JeSMpTg="
        },
        "strip-ansi": {
          "version": "2.0.1",
          "resolved": "https://registry.npmjs.org/strip-ansi/-/strip-ansi-2.0.1.tgz",
          "integrity": "sha1-32LBqpTtLxFOHQ8h/R1QSCt5pg4="
        },
        "supports-color": {
          "version": "1.3.1",
          "resolved": "https://registry.npmjs.org/supports-color/-/supports-color-1.3.1.tgz",
          "integrity": "sha1-FXWN8J2P87SswwdTn6vicJXhBC0="
        }
      }
    },
    "grunt-contrib-clean": {
      "version": "1.1.0",
      "resolved": "https://registry.npmjs.org/grunt-contrib-clean/-/grunt-contrib-clean-1.1.0.tgz",
      "integrity": "sha1-Vkq/LQN4qYOhW54/MO51tzjEBjg=",
      "dependencies": {
        "rimraf": {
          "version": "2.6.1",
          "resolved": "https://registry.npmjs.org/rimraf/-/rimraf-2.6.1.tgz",
          "integrity": "sha1-wjOOxkPfeht/5cVPqG9XQopV8z0="
        }
      }
    },
    "grunt-contrib-concat": {
      "version": "1.0.1",
      "resolved": "https://registry.npmjs.org/grunt-contrib-concat/-/grunt-contrib-concat-1.0.1.tgz",
      "integrity": "sha1-YVCYYwhOhx1+ht5IwBUlntl3Rb0=",
      "dependencies": {
        "source-map": {
          "version": "0.5.6",
          "resolved": "https://registry.npmjs.org/source-map/-/source-map-0.5.6.tgz",
          "integrity": "sha1-dc449SvwczxafwwRjYEzSiu19BI="
        }
      }
    },
    "grunt-contrib-connect": {
      "version": "1.0.2",
      "resolved": "https://registry.npmjs.org/grunt-contrib-connect/-/grunt-contrib-connect-1.0.2.tgz",
      "integrity": "sha1-XPkzuRpnOGBEJzwLJERgPNmIebo="
    },
    "grunt-contrib-csslint": {
      "version": "2.0.0",
      "resolved": "https://registry.npmjs.org/grunt-contrib-csslint/-/grunt-contrib-csslint-2.0.0.tgz",
      "integrity": "sha1-MSnZTf5Qc1fyMzfSSunpqkudV98=",
      "dependencies": {
        "lodash": {
          "version": "4.17.4",
          "resolved": "https://registry.npmjs.org/lodash/-/lodash-4.17.4.tgz",
          "integrity": "sha1-eCA6TRwyiuHYbcpkYONptX9AVa4="
        }
      }
    },
    "grunt-contrib-cssmin": {
      "version": "2.2.0",
      "resolved": "https://registry.npmjs.org/grunt-contrib-cssmin/-/grunt-contrib-cssmin-2.2.0.tgz",
      "integrity": "sha1-ct70BijujiE62adoBNEx22ZgSkE="
    },
    "grunt-contrib-htmlmin": {
      "version": "2.4.0",
      "resolved": "https://registry.npmjs.org/grunt-contrib-htmlmin/-/grunt-contrib-htmlmin-2.4.0.tgz",
      "integrity": "sha1-afSYGRmeKsiRUrv4r6XtMhykj5k=",
      "dependencies": {
        "pretty-bytes": {
          "version": "4.0.2",
          "resolved": "https://registry.npmjs.org/pretty-bytes/-/pretty-bytes-4.0.2.tgz",
          "integrity": "sha1-sr+C5zUNZcbDOqlaqlpPYyf2HNk="
        }
      }
    },
    "grunt-contrib-uglify": {
      "version": "3.0.1",
      "resolved": "https://registry.npmjs.org/grunt-contrib-uglify/-/grunt-contrib-uglify-3.0.1.tgz",
      "integrity": "sha1-/etfk4pMgEL46Grkb2NVTo6VEcs=",
      "dependencies": {
        "gzip-size": {
          "version": "1.0.0",
          "resolved": "https://registry.npmjs.org/gzip-size/-/gzip-size-1.0.0.tgz",
          "integrity": "sha1-Zs+LEBBHInuVus5uodoMF37Vwi8="
        },
        "maxmin": {
          "version": "1.1.0",
          "resolved": "https://registry.npmjs.org/maxmin/-/maxmin-1.1.0.tgz",
          "integrity": "sha1-cTZehKmd2Piz99X94vANHn9zvmE="
        },
        "pretty-bytes": {
          "version": "1.0.4",
          "resolved": "https://registry.npmjs.org/pretty-bytes/-/pretty-bytes-1.0.4.tgz",
          "integrity": "sha1-CiLoIQYJrTVUL4yNXSFZr/B1HIQ="
        }
      }
    },
    "grunt-contrib-watch": {
      "version": "1.0.0",
      "resolved": "https://registry.npmjs.org/grunt-contrib-watch/-/grunt-contrib-watch-1.0.0.tgz",
      "integrity": "sha1-hKGnodar0m7VaEE0lscxM+mQAY8="
    },
    "grunt-eslint": {
      "version": "20.0.0",
      "resolved": "https://registry.npmjs.org/grunt-eslint/-/grunt-eslint-20.0.0.tgz",
      "integrity": "sha512-jQ2GBIYUkfVict7WcSBH7mAukTJ7Cz5TwJUCQ8XxzVTTyAcxC+1MGM3rdEuQbtsLUNKqy9xr0ai/l14WkxVtkw=="
    },
    "grunt-filerev": {
      "version": "2.3.1",
      "resolved": "https://registry.npmjs.org/grunt-filerev/-/grunt-filerev-2.3.1.tgz",
      "integrity": "sha1-KZAhDwtantxecZiYf9HAKcbV9N8="
    },
    "grunt-html": {
      "version": "8.4.0",
      "resolved": "https://registry.npmjs.org/grunt-html/-/grunt-html-8.4.0.tgz",
      "integrity": "sha1-3JbUXVZVqx5NG612pEE3Q7WaeDg=",
      "dependencies": {
        "async": {
          "version": "2.2.0",
          "resolved": "https://registry.npmjs.org/async/-/async-2.2.0.tgz",
          "integrity": "sha1-wyTroBCiN+T71VoS3uhjZ9XA7zI="
        },
        "lodash": {
          "version": "4.17.4",
          "resolved": "https://registry.npmjs.org/lodash/-/lodash-4.17.4.tgz",
          "integrity": "sha1-eCA6TRwyiuHYbcpkYONptX9AVa4="
        }
      }
    },
    "grunt-jekyll": {
      "version": "0.4.6",
      "resolved": "https://registry.npmjs.org/grunt-jekyll/-/grunt-jekyll-0.4.6.tgz",
      "integrity": "sha1-U7ut6Grp0UEkUhjgs6tMM0DNIGc="
    },
    "grunt-link-checker": {
      "version": "0.2.0",
      "resolved": "https://registry.npmjs.org/grunt-link-checker/-/grunt-link-checker-0.2.0.tgz",
      "integrity": "sha1-en04DTRaG+Z1vuW5/TQ9seYiY6s="
    },
    "grunt-markdownlint": {
      "version": "2.10.0",
      "resolved": "https://registry.npmjs.org/grunt-markdownlint/-/grunt-markdownlint-2.10.0.tgz",
      "integrity": "sha512-WuZHN2QNwmyyg/uPMrF0Nrn76rA+uJ6MYs7palqcPxgbirjZPEXz5HTF7CHO8nsRVIZiERixr6GL2we1PvOzxQ==",
      "requires": {
        "markdownlint": "^0.20.0"
      },
      "dependencies": {
        "entities": {
          "version": "2.0.0",
          "resolved": "https://registry.npmjs.org/entities/-/entities-2.0.0.tgz",
          "integrity": "sha512-D9f7V0JSRwIxlRI2mjMqufDrRDnx8p+eEOz7aUM9SuvF8gsBzra0/6tbjl1m8eQHrZlYj6PxqE00hZ1SAIKPLw=="
        },
        "markdown-it": {
          "version": "10.0.0",
          "resolved": "https://registry.npmjs.org/markdown-it/-/markdown-it-10.0.0.tgz",
          "integrity": "sha512-YWOP1j7UbDNz+TumYP1kpwnP0aEa711cJjrAQrzd0UXlbJfc5aAq0F/PZHjiioqDC1NKgvIMX+o+9Bk7yuM2dg==",
          "requires": {
            "argparse": "^1.0.7",
            "entities": "~2.0.0",
            "linkify-it": "^2.0.0",
            "mdurl": "^1.0.1",
            "uc.micro": "^1.0.5"
          }
        },
        "markdownlint": {
          "version": "0.20.1",
          "resolved": "https://registry.npmjs.org/markdownlint/-/markdownlint-0.20.1.tgz",
          "integrity": "sha512-jq1qt0QkzY6AiN6O3tq+8SmUlvKfhx9GRKBn/IWEuN6RM5xBZG47rfW9Fn0eRvuozf5Xc59dRaLUZEO0XiyGOg==",
          "requires": {
            "markdown-it": "10.0.0"
          }
        },
        "uc.micro": {
          "version": "1.0.6",
          "resolved": "https://registry.npmjs.org/uc.micro/-/uc.micro-1.0.6.tgz",
          "integrity": "sha512-8Y75pvTYkLJW2hWQHXxoqRgV7qb9B+9vFEtidML+7koHUFapnVJAZ6cKs+Qjz5Aw3aZWHMC6u0wJE3At+nSGwA=="
        }
      }
    },
    "grunt-uncss": {
      "version": "0.6.1",
      "resolved": "https://registry.npmjs.org/grunt-uncss/-/grunt-uncss-0.6.1.tgz",
      "integrity": "sha1-2T8bT8P1ndac7GAxYBmWOw1IQe0=",
      "dependencies": {
        "async": {
          "version": "2.4.1",
          "resolved": "https://registry.npmjs.org/async/-/async-2.4.1.tgz",
          "integrity": "sha1-YqVrJ5yYoR0JhwlqAcw+6463u9c="
        },
        "lodash": {
          "version": "4.17.4",
          "resolved": "https://registry.npmjs.org/lodash/-/lodash-4.17.4.tgz",
          "integrity": "sha1-eCA6TRwyiuHYbcpkYONptX9AVa4="
        }
      }
    },
    "grunt-usemin": {
      "version": "3.1.1",
      "resolved": "https://registry.npmjs.org/grunt-usemin/-/grunt-usemin-3.1.1.tgz",
      "integrity": "sha1-WrZ5UQ1nLOpWbMcXq+i4oAn2QcI=",
      "dependencies": {
        "path-exists": {
          "version": "1.0.0",
          "resolved": "https://registry.npmjs.org/path-exists/-/path-exists-1.0.0.tgz",
          "integrity": "sha1-1aiZjrce83p0w06w2eum6HjuoIE="
        }
      }
    },
    "linkify-it": {
      "version": "2.0.3",
      "resolved": "https://registry.npmjs.org/linkify-it/-/linkify-it-2.0.3.tgz",
      "integrity": "sha1-2UpGSPmxwXnWT6lykSaL22zpQ08="
    },
    "load-grunt-tasks": {
      "version": "3.5.2",
      "resolved": "https://registry.npmjs.org/load-grunt-tasks/-/load-grunt-tasks-3.5.2.tgz",
      "integrity": "sha1-ByhWEYD9IP+KaSdQWFL8WKrqDIg="
    },
    "mdurl": {
      "version": "1.0.1",
      "resolved": "https://registry.npmjs.org/mdurl/-/mdurl-1.0.1.tgz",
      "integrity": "sha1-/oWy7HWlkDfyrf7BAP1sYBdhFS4="
    },
    "time-grunt": {
      "version": "1.4.0",
      "resolved": "https://registry.npmjs.org/time-grunt/-/time-grunt-1.4.0.tgz",
      "integrity": "sha1-BiIT5mDJB+hvRAVWwB6mWXtxJCA="
    }
  }
}
